
Microsoft Visual Studio Solution File, Format Version 12.00
# Visual Studio Version 16
VisualStudioVersion = 16.0.30225.117
MinimumVisualStudioVersion = 10.0.40219.1
Project("{2150E333-8FDC-42A3-9474-1A3956D46DE8}") = "Infrastructure", "Infrastructure", "{24D25808-4B57-4A72-9B63-F3E3F30B6B6B}"
EndProject
Project("{2150E333-8FDC-42A3-9474-1A3956D46DE8}") = "Organization", "Organization", "{85037798-DB05-4381-991A-53E87085BB38}"
	ProjectSection(SolutionItems) = preProject
		Organization\README.md = Organization\README.md
	EndProjectSection
EndProject
Project("{9A19103F-16F7-4668-BE54-9A1E7A4F7556}") = "TianCheng.Organization.DTO", "Organization\src\TianCheng.Organization.DTO\TianCheng.Organization.DTO.csproj", "{DDDF0954-CB7A-45B7-A83C-472F19B4EED4}"
EndProject
Project("{9A19103F-16F7-4668-BE54-9A1E7A4F7556}") = "TianCheng.Organization", "Organization\src\TianCheng.Organization\TianCheng.Organization.csproj", "{EFE48B62-E411-456F-B04E-CF359C45F26A}"
EndProject
Project("{9A19103F-16F7-4668-BE54-9A1E7A4F7556}") = "TianCheng.Organization.Restful", "Organization\src\TianCheng.Organization.Restful\TianCheng.Organization.Restful.csproj", "{EFC8D62F-30C9-488D-9C1A-7D3C5E8386A1}"
EndProject
Project("{2150E333-8FDC-42A3-9474-1A3956D46DE8}") = "Doc", "Doc", "{17879515-75AF-4990-AC6F-7AD5B83713E1}"
	ProjectSection(SolutionItems) = preProject
		README.md = README.md
	EndProjectSection
EndProject
Project("{2150E333-8FDC-42A3-9474-1A3956D46DE8}") = "Gateway", "Gateway", "{AC025BA0-9868-4671-80FF-2A0458AC0EB5}"
EndProject
Project("{2150E333-8FDC-42A3-9474-1A3956D46DE8}") = "Samples", "Samples", "{2DB1AC60-48F7-444C-87D7-C7C1D3150122}"
EndProject
Project("{9A19103F-16F7-4668-BE54-9A1E7A4F7556}") = "GatewayApp1", "Gateway\demo\GatewayApp1\GatewayApp1.csproj", "{A0033958-D4AD-4381-A619-713326D5A75F}"
EndProject
Project("{9A19103F-16F7-4668-BE54-9A1E7A4F7556}") = "WebApplication1", "Organization\samples\WebApplication1\WebApplication1.csproj", "{F4F3BEE1-8E92-4F54-8052-A1AE97F9D770}"
EndProject
Project("{2150E333-8FDC-42A3-9474-1A3956D46DE8}") = "Inventory", "Inventory", "{AF3037D2-A940-4081-8820-7506138ECF57}"
EndProject
Project("{9A19103F-16F7-4668-BE54-9A1E7A4F7556}") = "TianCheng.Inventory", "Inventory\src\TianCheng.Inventory\TianCheng.Inventory.csproj", "{57557667-B79B-4297-B806-21FE06B57408}"
EndProject
Project("{9A19103F-16F7-4668-BE54-9A1E7A4F7556}") = "TianCheng.Inventory.DTO", "Inventory\src\TianCheng.Inventory.DTO\TianCheng.Inventory.DTO.csproj", "{AC1C5D31-205B-4D29-AD03-095E5870540A}"
EndProject
Project("{9A19103F-16F7-4668-BE54-9A1E7A4F7556}") = "TianCheng.Inventory.Restful", "Inventory\src\TianCheng.Inventory.Restful\TianCheng.Inventory.Restful.csproj", "{9EB93797-D6E0-4255-92E8-323662CA47C9}"
EndProject
Project("{9A19103F-16F7-4668-BE54-9A1E7A4F7556}") = "RestfulBenchmark", "Organization\samples\RestfulBenchmark\RestfulBenchmark.csproj", "{DD9B5D6C-B6F4-4FA1-A5C1-DF75F17519EE}"
EndProject
Project("{2150E333-8FDC-42A3-9474-1A3956D46DE8}") = "DAL", "DAL", "{24B0D86E-B7B1-4045-A6D3-CACD4DDFD2E6}"
EndProject
Project("{2150E333-8FDC-42A3-9474-1A3956D46DE8}") = "Services", "Services", "{F5ECAB8F-503D-47A8-820F-36EE7FBDF7C9}"
EndProject
Project("{9A19103F-16F7-4668-BE54-9A1E7A4F7556}") = "TianCheng.DAL", "Infrastructure\DAL\TianCheng.DAL\src\TianCheng.DAL.csproj", "{E4EBEDA4-7E11-4364-BF1B-0A4D9A3BCE7A}"
EndProject
Project("{9A19103F-16F7-4668-BE54-9A1E7A4F7556}") = "TianCheng.DAL.MongoDB", "Infrastructure\DAL\TianCheng.DAL.MongoDB\src\TianCheng.DAL.MongoDB.csproj", "{8AB53D7D-D673-4C76-BF78-AB76A79039BF}"
EndProject
Project("{9A19103F-16F7-4668-BE54-9A1E7A4F7556}") = "TianCheng.DAL.NpgByDapper", "Infrastructure\DAL\TianCheng.DAL.NpgByDapper\src\TianCheng.DAL.NpgByDapper.csproj", "{F7DD7032-9AB2-4CB8-9AF0-2E19854E987F}"
EndProject
Project("{9A19103F-16F7-4668-BE54-9A1E7A4F7556}") = "TianCheng.Common", "Infrastructure\TianCheng.Common\src\TianCheng.Common.csproj", "{65BF1A55-57CA-4AD8-AF23-6ACA0CF2D8D2}"
EndProject
Project("{9A19103F-16F7-4668-BE54-9A1E7A4F7556}") = "TianCheng.Controller.Core", "Infrastructure\TianCheng.Controller.Core\src\TianCheng.Controller.Core.csproj", "{7885A1DE-A49C-448F-BD29-64A78E28750F}"
EndProject
Project("{9A19103F-16F7-4668-BE54-9A1E7A4F7556}") = "TianCheng.Service.Core", "Infrastructure\Services\TianCheng.Service.Core\src\TianCheng.Service.Core.csproj", "{016D02F1-D69D-4B12-81E6-5AD9DC4AFC66}"
EndProject
Project("{9A19103F-16F7-4668-BE54-9A1E7A4F7556}") = "TianCheng.Services.AuthJwt", "Infrastructure\Services\TianCheng.Services.AuthJwt\src\TianCheng.Services.AuthJwt.csproj", "{03F98B6A-E2B0-4374-BE76-FA3C5D16763F}"
EndProject
Project("{9A19103F-16F7-4668-BE54-9A1E7A4F7556}") = "TianCheng.ServicesInform", "Infrastructure\Services\TianCheng.ServicesInform\src\TianCheng.ServicesInform.csproj", "{881A20C3-E394-4558-996B-F406D7173016}"
EndProject
Project("{9A19103F-16F7-4668-BE54-9A1E7A4F7556}") = "TianCheng.Redis", "Infrastructure\DAL\TianCheng.Redis\src\TianCheng.Redis.csproj", "{E262EBDD-D4DC-40C5-8749-B92EB55D99ED}"
EndProject
Project("{9A19103F-16F7-4668-BE54-9A1E7A4F7556}") = "TianCheng.DAL.MySqlByEF", "Infrastructure\DAL\TianCheng.DAL.MySqlByEF\src\TianCheng.DAL.MySqlByEF.csproj", "{3052C0E4-B0AF-4CB1-872E-4B0B123A0D6B}"
EndProject
Project("{2150E333-8FDC-42A3-9474-1A3956D46DE8}") = "Controller", "Controller", "{D33C2F5D-9EE6-45A6-AF8D-BE38D117C1DD}"
EndProject
Project("{9A19103F-16F7-4668-BE54-9A1E7A4F7556}") = "TianCheng.DAL.NpgSqlByEF", "Infrastructure\DAL\TianCheng.DAL.NpgSqlByEF\src\TianCheng.DAL.NpgSqlByEF.csproj", "{51CA2A17-F4FC-4AFA-8AAC-E7E7D5345A61}"
EndProject
Global
	GlobalSection(SolutionConfigurationPlatforms) = preSolution
		Debug|Any CPU = Debug|Any CPU
		Release|Any CPU = Release|Any CPU
	EndGlobalSection
	GlobalSection(ProjectConfigurationPlatforms) = postSolution
		{DDDF0954-CB7A-45B7-A83C-472F19B4EED4}.Debug|Any CPU.ActiveCfg = Debug|Any CPU
		{DDDF0954-CB7A-45B7-A83C-472F19B4EED4}.Debug|Any CPU.Build.0 = Debug|Any CPU
		{DDDF0954-CB7A-45B7-A83C-472F19B4EED4}.Release|Any CPU.ActiveCfg = Release|Any CPU
		{DDDF0954-CB7A-45B7-A83C-472F19B4EED4}.Release|Any CPU.Build.0 = Release|Any CPU
		{EFE48B62-E411-456F-B04E-CF359C45F26A}.Debug|Any CPU.ActiveCfg = Debug|Any CPU
		{EFE48B62-E411-456F-B04E-CF359C45F26A}.Debug|Any CPU.Build.0 = Debug|Any CPU
		{EFE48B62-E411-456F-B04E-CF359C45F26A}.Release|Any CPU.ActiveCfg = Release|Any CPU
		{EFE48B62-E411-456F-B04E-CF359C45F26A}.Release|Any CPU.Build.0 = Release|Any CPU
		{EFC8D62F-30C9-488D-9C1A-7D3C5E8386A1}.Debug|Any CPU.ActiveCfg = Debug|Any CPU
		{EFC8D62F-30C9-488D-9C1A-7D3C5E8386A1}.Debug|Any CPU.Build.0 = Debug|Any CPU
		{EFC8D62F-30C9-488D-9C1A-7D3C5E8386A1}.Release|Any CPU.ActiveCfg = Release|Any CPU
		{EFC8D62F-30C9-488D-9C1A-7D3C5E8386A1}.Release|Any CPU.Build.0 = Release|Any CPU
		{A0033958-D4AD-4381-A619-713326D5A75F}.Debug|Any CPU.ActiveCfg = Debug|Any CPU
		{A0033958-D4AD-4381-A619-713326D5A75F}.Debug|Any CPU.Build.0 = Debug|Any CPU
		{A0033958-D4AD-4381-A619-713326D5A75F}.Release|Any CPU.ActiveCfg = Release|Any CPU
		{A0033958-D4AD-4381-A619-713326D5A75F}.Release|Any CPU.Build.0 = Release|Any CPU
		{F4F3BEE1-8E92-4F54-8052-A1AE97F9D770}.Debug|Any CPU.ActiveCfg = Debug|Any CPU
		{F4F3BEE1-8E92-4F54-8052-A1AE97F9D770}.Debug|Any CPU.Build.0 = Debug|Any CPU
		{F4F3BEE1-8E92-4F54-8052-A1AE97F9D770}.Release|Any CPU.ActiveCfg = Release|Any CPU
		{F4F3BEE1-8E92-4F54-8052-A1AE97F9D770}.Release|Any CPU.Build.0 = Release|Any CPU
		{57557667-B79B-4297-B806-21FE06B57408}.Debug|Any CPU.ActiveCfg = Debug|Any CPU
		{57557667-B79B-4297-B806-21FE06B57408}.Debug|Any CPU.Build.0 = Debug|Any CPU
		{57557667-B79B-4297-B806-21FE06B57408}.Release|Any CPU.ActiveCfg = Release|Any CPU
		{57557667-B79B-4297-B806-21FE06B57408}.Release|Any CPU.Build.0 = Release|Any CPU
		{AC1C5D31-205B-4D29-AD03-095E5870540A}.Debug|Any CPU.ActiveCfg = Debug|Any CPU
		{AC1C5D31-205B-4D29-AD03-095E5870540A}.Debug|Any CPU.Build.0 = Debug|Any CPU
		{AC1C5D31-205B-4D29-AD03-095E5870540A}.Release|Any CPU.ActiveCfg = Release|Any CPU
		{AC1C5D31-205B-4D29-AD03-095E5870540A}.Release|Any CPU.Build.0 = Release|Any CPU
		{9EB93797-D6E0-4255-92E8-323662CA47C9}.Debug|Any CPU.ActiveCfg = Debug|Any CPU
		{9EB93797-D6E0-4255-92E8-323662CA47C9}.Debug|Any CPU.Build.0 = Debug|Any CPU
		{9EB93797-D6E0-4255-92E8-323662CA47C9}.Release|Any CPU.ActiveCfg = Release|Any CPU
		{9EB93797-D6E0-4255-92E8-323662CA47C9}.Release|Any CPU.Build.0 = Release|Any CPU
		{DD9B5D6C-B6F4-4FA1-A5C1-DF75F17519EE}.Debug|Any CPU.ActiveCfg = Debug|Any CPU
		{DD9B5D6C-B6F4-4FA1-A5C1-DF75F17519EE}.Debug|Any CPU.Build.0 = Debug|Any CPU
		{DD9B5D6C-B6F4-4FA1-A5C1-DF75F17519EE}.Release|Any CPU.ActiveCfg = Release|Any CPU
		{DD9B5D6C-B6F4-4FA1-A5C1-DF75F17519EE}.Release|Any CPU.Build.0 = Release|Any CPU
		{E4EBEDA4-7E11-4364-BF1B-0A4D9A3BCE7A}.Debug|Any CPU.ActiveCfg = Debug|Any CPU
		{E4EBEDA4-7E11-4364-BF1B-0A4D9A3BCE7A}.Debug|Any CPU.Build.0 = Debug|Any CPU
		{E4EBEDA4-7E11-4364-BF1B-0A4D9A3BCE7A}.Release|Any CPU.ActiveCfg = Release|Any CPU
		{E4EBEDA4-7E11-4364-BF1B-0A4D9A3BCE7A}.Release|Any CPU.Build.0 = Release|Any CPU
		{8AB53D7D-D673-4C76-BF78-AB76A79039BF}.Debug|Any CPU.ActiveCfg = Debug|Any CPU
		{8AB53D7D-D673-4C76-BF78-AB76A79039BF}.Debug|Any CPU.Build.0 = Debug|Any CPU
		{8AB53D7D-D673-4C76-BF78-AB76A79039BF}.Release|Any CPU.ActiveCfg = Release|Any CPU
		{8AB53D7D-D673-4C76-BF78-AB76A79039BF}.Release|Any CPU.Build.0 = Release|Any CPU
		{F7DD7032-9AB2-4CB8-9AF0-2E19854E987F}.Debug|Any CPU.ActiveCfg = Debug|Any CPU
		{F7DD7032-9AB2-4CB8-9AF0-2E19854E987F}.Debug|Any CPU.Build.0 = Debug|Any CPU
		{F7DD7032-9AB2-4CB8-9AF0-2E19854E987F}.Release|Any CPU.ActiveCfg = Release|Any CPU
		{F7DD7032-9AB2-4CB8-9AF0-2E19854E987F}.Release|Any CPU.Build.0 = Release|Any CPU
		{65BF1A55-57CA-4AD8-AF23-6ACA0CF2D8D2}.Debug|Any CPU.ActiveCfg = Debug|Any CPU
		{65BF1A55-57CA-4AD8-AF23-6ACA0CF2D8D2}.Debug|Any CPU.Build.0 = Debug|Any CPU
		{65BF1A55-57CA-4AD8-AF23-6ACA0CF2D8D2}.Release|Any CPU.ActiveCfg = Release|Any CPU
		{65BF1A55-57CA-4AD8-AF23-6ACA0CF2D8D2}.Release|Any CPU.Build.0 = Release|Any CPU
		{7885A1DE-A49C-448F-BD29-64A78E28750F}.Debug|Any CPU.ActiveCfg = Debug|Any CPU
		{7885A1DE-A49C-448F-BD29-64A78E28750F}.Debug|Any CPU.Build.0 = Debug|Any CPU
		{7885A1DE-A49C-448F-BD29-64A78E28750F}.Release|Any CPU.ActiveCfg = Release|Any CPU
		{7885A1DE-A49C-448F-BD29-64A78E28750F}.Release|Any CPU.Build.0 = Release|Any CPU
		{016D02F1-D69D-4B12-81E6-5AD9DC4AFC66}.Debug|Any CPU.ActiveCfg = Debug|Any CPU
		{016D02F1-D69D-4B12-81E6-5AD9DC4AFC66}.Debug|Any CPU.Build.0 = Debug|Any CPU
		{016D02F1-D69D-4B12-81E6-5AD9DC4AFC66}.Release|Any CPU.ActiveCfg = Release|Any CPU
		{016D02F1-D69D-4B12-81E6-5AD9DC4AFC66}.Release|Any CPU.Build.0 = Release|Any CPU
		{03F98B6A-E2B0-4374-BE76-FA3C5D16763F}.Debug|Any CPU.ActiveCfg = Debug|Any CPU
		{03F98B6A-E2B0-4374-BE76-FA3C5D16763F}.Debug|Any CPU.Build.0 = Debug|Any CPU
		{03F98B6A-E2B0-4374-BE76-FA3C5D16763F}.Release|Any CPU.ActiveCfg = Release|Any CPU
		{03F98B6A-E2B0-4374-BE76-FA3C5D16763F}.Release|Any CPU.Build.0 = Release|Any CPU
		{881A20C3-E394-4558-996B-F406D7173016}.Debug|Any CPU.ActiveCfg = Debug|Any CPU
		{881A20C3-E394-4558-996B-F406D7173016}.Debug|Any CPU.Build.0 = Debug|Any CPU
		{881A20C3-E394-4558-996B-F406D7173016}.Release|Any CPU.ActiveCfg = Release|Any CPU
		{881A20C3-E394-4558-996B-F406D7173016}.Release|Any CPU.Build.0 = Release|Any CPU
		{E262EBDD-D4DC-40C5-8749-B92EB55D99ED}.Debug|Any CPU.ActiveCfg = Debug|Any CPU
		{E262EBDD-D4DC-40C5-8749-B92EB55D99ED}.Debug|Any CPU.Build.0 = Debug|Any CPU
		{E262EBDD-D4DC-40C5-8749-B92EB55D99ED}.Release|Any CPU.ActiveCfg = Release|Any CPU
		{E262EBDD-D4DC-40C5-8749-B92EB55D99ED}.Release|Any CPU.Build.0 = Release|Any CPU
		{3052C0E4-B0AF-4CB1-872E-4B0B123A0D6B}.Debug|Any CPU.ActiveCfg = Debug|Any CPU
		{3052C0E4-B0AF-4CB1-872E-4B0B123A0D6B}.Debug|Any CPU.Build.0 = Debug|Any CPU
		{3052C0E4-B0AF-4CB1-872E-4B0B123A0D6B}.Release|Any CPU.ActiveCfg = Release|Any CPU
		{3052C0E4-B0AF-4CB1-872E-4B0B123A0D6B}.Release|Any CPU.Build.0 = Release|Any CPU
		{51CA2A17-F4FC-4AFA-8AAC-E7E7D5345A61}.Debug|Any CPU.ActiveCfg = Debug|Any CPU
		{51CA2A17-F4FC-4AFA-8AAC-E7E7D5345A61}.Debug|Any CPU.Build.0 = Debug|Any CPU
		{51CA2A17-F4FC-4AFA-8AAC-E7E7D5345A61}.Release|Any CPU.ActiveCfg = Release|Any CPU
		{51CA2A17-F4FC-4AFA-8AAC-E7E7D5345A61}.Release|Any CPU.Build.0 = Release|Any CPU
	EndGlobalSection
	GlobalSection(SolutionProperties) = preSolution
		HideSolutionNode = FALSE
	EndGlobalSection
	GlobalSection(NestedProjects) = preSolution
		{DDDF0954-CB7A-45B7-A83C-472F19B4EED4} = {85037798-DB05-4381-991A-53E87085BB38}
		{EFE48B62-E411-456F-B04E-CF359C45F26A} = {85037798-DB05-4381-991A-53E87085BB38}
		{EFC8D62F-30C9-488D-9C1A-7D3C5E8386A1} = {85037798-DB05-4381-991A-53E87085BB38}
		{2DB1AC60-48F7-444C-87D7-C7C1D3150122} = {85037798-DB05-4381-991A-53E87085BB38}
		{A0033958-D4AD-4381-A619-713326D5A75F} = {AC025BA0-9868-4671-80FF-2A0458AC0EB5}
		{F4F3BEE1-8E92-4F54-8052-A1AE97F9D770} = {2DB1AC60-48F7-444C-87D7-C7C1D3150122}
		{57557667-B79B-4297-B806-21FE06B57408} = {AF3037D2-A940-4081-8820-7506138ECF57}
		{AC1C5D31-205B-4D29-AD03-095E5870540A} = {AF3037D2-A940-4081-8820-7506138ECF57}
		{9EB93797-D6E0-4255-92E8-323662CA47C9} = {AF3037D2-A940-4081-8820-7506138ECF57}
		{DD9B5D6C-B6F4-4FA1-A5C1-DF75F17519EE} = {2DB1AC60-48F7-444C-87D7-C7C1D3150122}
		{24B0D86E-B7B1-4045-A6D3-CACD4DDFD2E6} = {24D25808-4B57-4A72-9B63-F3E3F30B6B6B}
		{F5ECAB8F-503D-47A8-820F-36EE7FBDF7C9} = {24D25808-4B57-4A72-9B63-F3E3F30B6B6B}
		{E4EBEDA4-7E11-4364-BF1B-0A4D9A3BCE7A} = {24B0D86E-B7B1-4045-A6D3-CACD4DDFD2E6}
		{8AB53D7D-D673-4C76-BF78-AB76A79039BF} = {24B0D86E-B7B1-4045-A6D3-CACD4DDFD2E6}
		{F7DD7032-9AB2-4CB8-9AF0-2E19854E987F} = {24B0D86E-B7B1-4045-A6D3-CACD4DDFD2E6}
		{65BF1A55-57CA-4AD8-AF23-6ACA0CF2D8D2} = {24D25808-4B57-4A72-9B63-F3E3F30B6B6B}
		{7885A1DE-A49C-448F-BD29-64A78E28750F} = {D33C2F5D-9EE6-45A6-AF8D-BE38D117C1DD}
		{016D02F1-D69D-4B12-81E6-5AD9DC4AFC66} = {F5ECAB8F-503D-47A8-820F-36EE7FBDF7C9}
		{03F98B6A-E2B0-4374-BE76-FA3C5D16763F} = {F5ECAB8F-503D-47A8-820F-36EE7FBDF7C9}
		{881A20C3-E394-4558-996B-F406D7173016} = {F5ECAB8F-503D-47A8-820F-36EE7FBDF7C9}
		{E262EBDD-D4DC-40C5-8749-B92EB55D99ED} = {24B0D86E-B7B1-4045-A6D3-CACD4DDFD2E6}
		{3052C0E4-B0AF-4CB1-872E-4B0B123A0D6B} = {24B0D86E-B7B1-4045-A6D3-CACD4DDFD2E6}
		{D33C2F5D-9EE6-45A6-AF8D-BE38D117C1DD} = {24D25808-4B57-4A72-9B63-F3E3F30B6B6B}
		{51CA2A17-F4FC-4AFA-8AAC-E7E7D5345A61} = {24B0D86E-B7B1-4045-A6D3-CACD4DDFD2E6}
	EndGlobalSection
	GlobalSection(ExtensibilityGlobals) = postSolution
		SolutionGuid = {EE0EEDD6-EA58-41B6-9FB7-354825083167}
	EndGlobalSection
EndGlobal
