
Microsoft Visual Studio Solution File, Format Version 12.00
# Visual Studio Version 16
VisualStudioVersion = 16.0.29920.165
MinimumVisualStudioVersion = 10.0.40219.1
Project("{2150E333-8FDC-42A3-9474-1A3956D46DE8}") = "samples", "samples", "{E9436871-C25E-416C-A9A7-49592B8364C0}"
EndProject
Project("{2150E333-8FDC-42A3-9474-1A3956D46DE8}") = "src", "src", "{7ACE6EE0-3FDF-49AF-B0F0-EE9D829EF4E5}"
EndProject
Project("{9A19103F-16F7-4668-BE54-9A1E7A4F7556}") = "TianCheng.DAL.NpgByDapper", "src\TianCheng.DAL.NpgByDapper.csproj", "{323D283A-B84E-462B-AE42-6108F036C281}"
EndProject
Project("{9A19103F-16F7-4668-BE54-9A1E7A4F7556}") = "NpgBenchmark", "samples\NpgBenchmark\NpgBenchmark.csproj", "{9FCCE675-FE0D-4DB0-8BDB-FA0C78CFBF2E}"
EndProject
Project("{9A19103F-16F7-4668-BE54-9A1E7A4F7556}") = "WebDemo", "samples\WebDemo\WebDemo.csproj", "{C7AF93B8-8A02-4F9D-947E-B5AE13594876}"
EndProject
Project("{2150E333-8FDC-42A3-9474-1A3956D46DE8}") = "other", "other", "{B6B9DB26-89AC-42D3-ABED-570E40619C8E}"
	ProjectSection(SolutionItems) = preProject
		README.md = README.md
	EndProjectSection
EndProject
Project("{9A19103F-16F7-4668-BE54-9A1E7A4F7556}") = "TianCheng.DAL", "..\TianCheng.DAL\src\TianCheng.DAL.csproj", "{1E2D6243-A4D4-4F3B-BBE7-004829D7D20B}"
EndProject
Project("{9A19103F-16F7-4668-BE54-9A1E7A4F7556}") = "TianCheng.Common", "..\TianCheng.Common\src\TianCheng.Common.csproj", "{A54B430F-0C77-4F44-9B66-20518CA7D5E6}"
EndProject
Global
	GlobalSection(SolutionConfigurationPlatforms) = preSolution
		Debug|Any CPU = Debug|Any CPU
		Release|Any CPU = Release|Any CPU
	EndGlobalSection
	GlobalSection(ProjectConfigurationPlatforms) = postSolution
		{323D283A-B84E-462B-AE42-6108F036C281}.Debug|Any CPU.ActiveCfg = Debug|Any CPU
		{323D283A-B84E-462B-AE42-6108F036C281}.Debug|Any CPU.Build.0 = Debug|Any CPU
		{323D283A-B84E-462B-AE42-6108F036C281}.Release|Any CPU.ActiveCfg = Release|Any CPU
		{323D283A-B84E-462B-AE42-6108F036C281}.Release|Any CPU.Build.0 = Release|Any CPU
		{9FCCE675-FE0D-4DB0-8BDB-FA0C78CFBF2E}.Debug|Any CPU.ActiveCfg = Debug|Any CPU
		{9FCCE675-FE0D-4DB0-8BDB-FA0C78CFBF2E}.Debug|Any CPU.Build.0 = Debug|Any CPU
		{9FCCE675-FE0D-4DB0-8BDB-FA0C78CFBF2E}.Release|Any CPU.ActiveCfg = Release|Any CPU
		{9FCCE675-FE0D-4DB0-8BDB-FA0C78CFBF2E}.Release|Any CPU.Build.0 = Release|Any CPU
		{C7AF93B8-8A02-4F9D-947E-B5AE13594876}.Debug|Any CPU.ActiveCfg = Debug|Any CPU
		{C7AF93B8-8A02-4F9D-947E-B5AE13594876}.Debug|Any CPU.Build.0 = Debug|Any CPU
		{C7AF93B8-8A02-4F9D-947E-B5AE13594876}.Release|Any CPU.ActiveCfg = Release|Any CPU
		{C7AF93B8-8A02-4F9D-947E-B5AE13594876}.Release|Any CPU.Build.0 = Release|Any CPU
		{1E2D6243-A4D4-4F3B-BBE7-004829D7D20B}.Debug|Any CPU.ActiveCfg = Debug|Any CPU
		{1E2D6243-A4D4-4F3B-BBE7-004829D7D20B}.Debug|Any CPU.Build.0 = Debug|Any CPU
		{1E2D6243-A4D4-4F3B-BBE7-004829D7D20B}.Release|Any CPU.ActiveCfg = Release|Any CPU
		{1E2D6243-A4D4-4F3B-BBE7-004829D7D20B}.Release|Any CPU.Build.0 = Release|Any CPU
		{A54B430F-0C77-4F44-9B66-20518CA7D5E6}.Debug|Any CPU.ActiveCfg = Debug|Any CPU
		{A54B430F-0C77-4F44-9B66-20518CA7D5E6}.Debug|Any CPU.Build.0 = Debug|Any CPU
		{A54B430F-0C77-4F44-9B66-20518CA7D5E6}.Release|Any CPU.ActiveCfg = Release|Any CPU
		{A54B430F-0C77-4F44-9B66-20518CA7D5E6}.Release|Any CPU.Build.0 = Release|Any CPU
	EndGlobalSection
	GlobalSection(SolutionProperties) = preSolution
		HideSolutionNode = FALSE
	EndGlobalSection
	GlobalSection(NestedProjects) = preSolution
		{323D283A-B84E-462B-AE42-6108F036C281} = {7ACE6EE0-3FDF-49AF-B0F0-EE9D829EF4E5}
		{9FCCE675-FE0D-4DB0-8BDB-FA0C78CFBF2E} = {E9436871-C25E-416C-A9A7-49592B8364C0}
		{C7AF93B8-8A02-4F9D-947E-B5AE13594876} = {E9436871-C25E-416C-A9A7-49592B8364C0}
		{1E2D6243-A4D4-4F3B-BBE7-004829D7D20B} = {7ACE6EE0-3FDF-49AF-B0F0-EE9D829EF4E5}
		{A54B430F-0C77-4F44-9B66-20518CA7D5E6} = {7ACE6EE0-3FDF-49AF-B0F0-EE9D829EF4E5}
	EndGlobalSection
	GlobalSection(ExtensibilityGlobals) = postSolution
		SolutionGuid = {30FEEE5A-9CD3-406D-80E2-7E249A8A956F}
	EndGlobalSection
EndGlobal
